
Microsoft Visual Studio Solution File, Format Version 12.00
# Visual Studio Version 16
VisualStudioVersion = 16.0.29905.134
MinimumVisualStudioVersion = 10.0.40219.1
Project("{9A19103F-16F7-4668-BE54-9A1E7A4F7556}") = "Health.Web", "src\Health.Web\Health.Web.csproj", "{9C147084-0629-4139-B16B-D3C83E98ECCB}"
EndProject
Global
	GlobalSection(SolutionConfigurationPlatforms) = preSolution
		Debug|Any CPU = Debug|Any CPU
		Release|Any CPU = Release|Any CPU
	EndGlobalSection
	GlobalSection(ProjectConfigurationPlatforms) = postSolution
		{9C147084-0629-4139-B16B-D3C83E98ECCB}.Debug|Any CPU.ActiveCfg = Debug|Any CPU
		{9C147084-0629-4139-B16B-D3C83E98ECCB}.Debug|Any CPU.Build.0 = Debug|Any CPU
		{9C147084-0629-4139-B16B-D3C83E98ECCB}.Release|Any CPU.ActiveCfg = Release|Any CPU
		{9C147084-0629-4139-B16B-D3C83E98ECCB}.Release|Any CPU.Build.0 = Release|Any CPU
	EndGlobalSection
	GlobalSection(SolutionProperties) = preSolution
		HideSolutionNode = FALSE
	EndGlobalSection
	GlobalSection(ExtensibilityGlobals) = postSolution
		SolutionGuid = {307D3463-0549-4977-9DCA-278B9E08D8A3}
	EndGlobalSection
EndGlobal
