
Microsoft Visual Studio Solution File, Format Version 12.00
# Visual Studio Version 16
VisualStudioVersion = 16.0.29905.134
MinimumVisualStudioVersion = 10.0.40219.1
Project("{FAE04EC0-301F-11D3-BF4B-00C04F79EFBC}") = "Health.Web", "Health.Web\Health.Web.csproj", "{F7350D4D-D6CE-4B36-83C8-3120E138FB13}"
EndProject
Global
	GlobalSection(SolutionConfigurationPlatforms) = preSolution
		Debug|Any CPU = Debug|Any CPU
		Release|Any CPU = Release|Any CPU
	EndGlobalSection
	GlobalSection(ProjectConfigurationPlatforms) = postSolution
		{F7350D4D-D6CE-4B36-83C8-3120E138FB13}.Debug|Any CPU.ActiveCfg = Debug|Any CPU
		{F7350D4D-D6CE-4B36-83C8-3120E138FB13}.Debug|Any CPU.Build.0 = Debug|Any CPU
		{F7350D4D-D6CE-4B36-83C8-3120E138FB13}.Release|Any CPU.ActiveCfg = Release|Any CPU
		{F7350D4D-D6CE-4B36-83C8-3120E138FB13}.Release|Any CPU.Build.0 = Release|Any CPU
	EndGlobalSection
	GlobalSection(SolutionProperties) = preSolution
		HideSolutionNode = FALSE
	EndGlobalSection
	GlobalSection(ExtensibilityGlobals) = postSolution
		SolutionGuid = {307D3463-0549-4977-9DCA-278B9E08D8A3}
	EndGlobalSection
EndGlobal
